{
  "version": 4,
  "terraform_version": "1.0.1",
  "serial": 58,
  "lineage": "2b1a12ea-060b-909a-b2f9-da08342662e6",
  "outputs": {},
  "resources": [
    {
      "mode": "data",
      "type": "google_client_config",
      "name": "default",
      "provider": "provider[\"registry.terraform.io/hashicorp/google\"]",
      "instances": [
        {
          "schema_version": 0,
          "attributes": {
            "access_token": "ya29.c.KqgBCgiCvN_0rF3DBUvYJ2je3Hj0PoMjRF14YN7hOwQSKdIGv4FXb6_WRjBbUfH6AOuO0nB2L0NthWjIbKMZN7INQdsclGla7WBQfEum1QNxGKFdMbm99LvaNmfDgifCqN7dKbPwT0DbFNNgmJmxQWj6Ot3i4uLuMz5hO2gtrofMHYrkpH3kHYESRvr1XI2uaPj4VEozNZ0R0nKMMtR2wPyYBdpf6v9Wb5Wl",
            "id": "projects/terraform-test-319307/regions/europe-west1/zones/europe-west1",
            "project": "terraform-test-319307",
            "region": "europe-west1",
            "zone": "europe-west1"
          },
          "sensitive_attributes": []
        }
      ]
    },
    {
      "mode": "managed",
      "type": "google_container_cluster",
      "name": "default",
      "provider": "provider[\"registry.terraform.io/hashicorp/google\"]",
      "instances": [
        {
          "schema_version": 1,
          "attributes": {
            "addons_config": [
              {
                "cloudrun_config": [],
                "horizontal_pod_autoscaling": [],
                "http_load_balancing": [],
                "network_policy_config": [
                  {
                    "disabled": true
                  }
                ]
              }
            ],
            "authenticator_groups_config": [],
            "cluster_autoscaling": [
              {
                "auto_provisioning_defaults": [],
                "enabled": false,
                "resource_limits": []
              }
            ],
            "cluster_ipv4_cidr": "10.0.0.0/14",
            "database_encryption": [
              {
                "key_name": "",
                "state": "DECRYPTED"
              }
            ],
            "datapath_provider": "",
            "default_max_pods_per_node": null,
            "default_snat_status": [
              {
                "disabled": false
              }
            ],
            "description": "Demo GKE Cluster",
            "enable_autopilot": false,
            "enable_binary_authorization": false,
            "enable_intranode_visibility": false,
            "enable_kubernetes_alpha": false,
            "enable_legacy_abac": false,
            "enable_shielded_nodes": false,
            "enable_tpu": false,
            "endpoint": "35.195.159.28",
            "id": "projects/terraform-test-319307/locations/europe-west1/clusters/demo-cluster",
            "initial_node_count": 1,
            "instance_group_urls": [],
            "ip_allocation_policy": [],
            "label_fingerprint": "a9dc16a7",
            "location": "europe-west1",
            "logging_service": "logging.googleapis.com/kubernetes",
            "maintenance_policy": [],
            "master_auth": [
              {
                "client_certificate": "",
                "client_certificate_config": [
                  {
                    "issue_client_certificate": false
                  }
                ],
                "client_key": "",
                "cluster_ca_certificate": "LS0tLS1CRUdJTiBDRVJUSUZJQ0FURS0tLS0tCk1JSURLekNDQWhPZ0F3SUJBZ0lSQU5sS0dORUxaWGY3ajJQYkEvMi92VDB3RFFZSktvWklodmNOQVFFTEJRQXcKTHpFdE1Dc0dBMVVFQXhNa056bGpaREZsTkRFdFpHWTFNUzAwT1dObExUaGxNbVF0WlRjMU9HTmxNemsxWVdGawpNQjRYRFRJeE1EY3lPVEV5TVRnd05Gb1hEVEkyTURjeU9ERXpNVGd3TkZvd0x6RXRNQ3NHQTFVRUF4TWtOemxqClpERmxOREV0WkdZMU1TMDBPV05sTFRobE1tUXRaVGMxT0dObE16azFZV0ZrTUlJQklqQU5CZ2txaGtpRzl3MEIKQVFFRkFBT0NBUThBTUlJQkNnS0NBUUVBeENHWXpEMTlVbEFDWTkvazhQdDBZYzViYmlhUm9xK1NYdEgwQktIVwpNQy9DNDRLbTdVY1dCUEZEMU0xZGx6Qnl3eGExYnRoNFJnUkZtRUFGdjhLZ2tqaUYxb0lpcHVVQ1VnQ0xaME9UCjVNVnlLTWx3SHFZc0lxRE92RHZWbW9UaFp4Y2FPSkFoeXRWWFFmc1lLd09JUHo3TjZWcDJ2L3IyMDR0NUFvL3UKL2lnR3lGVnQrZFZlVXNMMU9iUFdZTUF3T3ZZRnhhVzhaVUZsSTZadGJaRXA1RmhmSFltREhidS83dDNmWHpsNQpDVWs4SnFWUEhCT1FkNjBHYzdPZUwxc0dyUG5UVGx3Y2lxUnlZNWJSS0hXL1orM1dwcjVtV0FjSld2RWlHeElECm4vZlZDR3BUaEgxRTJKVzBhUmJ0ZU1xNWtQaVFLREtacEFidVhrMDNuamg4dXdJREFRQUJvMEl3UURBT0JnTlYKSFE4QkFmOEVCQU1DQWdRd0R3WURWUjBUQVFIL0JBVXdBd0VCL3pBZEJnTlZIUTRFRmdRVU1NSllRc0FQaHg5ZQplV2lNTkhOOW9weXV1aGt3RFFZSktvWklodmNOQVFFTEJRQURnZ0VCQUZTV0ZBVFEyK2phZU5DSEw0c0hyWXo3Cnk4KzBtR05TZ0VLR0JiOWhmUnBVcUpiNVNGV2p3a0oxRmlYLzB0YldtemExeFFLOGFlOEtKVk11Qk81Q2d2YUsKNFAxWWkzbERYdGk2WlRYT0JycW1zTVgyVWx0OFJCZmVEbFZKd2dOZXVpcDJIeXBsN3Z1MkNkcS9IU0gxZEJTRgpHT3RDUS9QdzVteFd3dUVMOWlmc2lUOU5NWFlsWW9CbHQ4aDQwUUN6MjNVaENvM294Sm90K1FPOWhscSsyYjRlCkQ5dENNUy9jNXBZYUQzNjBTR05IQlRGd1pGU1NHVjFtaS9SZzhVenA4R2ZPYytiNXNuWkg3UStVRGZBMGx6Zk8KYjBQQTM4dVEzaFlrVFJHL0RsdUtVWXNHZ2dSd3ZDcGdSS3poRXVIMTQ4VldHd3l3eTFKcjhBZm9tNTNaVjZjPQotLS0tLUVORCBDRVJUSUZJQ0FURS0tLS0tCg==",
                "password": "",
                "username": ""
              }
            ],
            "master_authorized_networks_config": [],
            "master_version": "1.19.9-gke.1900",
            "min_master_version": null,
            "monitoring_service": "monitoring.googleapis.com/kubernetes",
            "name": "demo-cluster",
            "network": "projects/terraform-test-319307/global/networks/default",
            "network_policy": [
              {
                "enabled": false,
                "provider": "PROVIDER_UNSPECIFIED"
              }
            ],
            "networking_mode": "ROUTES",
            "node_config": [],
            "node_locations": [
              "europe-west1-b",
              "europe-west1-c"
            ],
            "node_pool": [],
            "node_version": "1.19.9-gke.1900",
            "operation": null,
            "pod_security_policy_config": [],
            "private_cluster_config": [],
            "private_ipv6_google_access": "",
            "project": "terraform-test-319307",
            "release_channel": [
              {
                "channel": "REGULAR"
              }
            ],
            "remove_default_node_pool": true,
            "resource_labels": null,
            "resource_usage_export_config": [],
            "self_link": "https://container.googleapis.com/v1beta1/projects/terraform-test-319307/locations/europe-west1/clusters/demo-cluster",
            "services_ipv4_cidr": "10.3.240.0/20",
            "subnetwork": "projects/terraform-test-319307/regions/europe-west1/subnetworks/default",
            "timeouts": null,
            "tpu_ipv4_cidr_block": "",
            "vertical_pod_autoscaling": [],
            "workload_identity_config": []
          },
          "sensitive_attributes": [],
          "private": "eyJlMmJmYjczMC1lY2FhLTExZTYtOGY4OC0zNDM2M2JjN2M0YzAiOnsiY3JlYXRlIjoyNDAwMDAwMDAwMDAwLCJkZWxldGUiOjI0MDAwMDAwMDAwMDAsInJlYWQiOjI0MDAwMDAwMDAwMDAsInVwZGF0ZSI6MzYwMDAwMDAwMDAwMH0sInNjaGVtYV92ZXJzaW9uIjoiMSJ9"
        }
      ]
    },
    {
      "mode": "managed",
      "type": "google_container_node_pool",
      "name": "default",
      "provider": "provider[\"registry.terraform.io/hashicorp/google\"]",
      "instances": [
        {
          "index_key": "node-pool1",
          "schema_version": 1,
          "attributes": {
            "autoscaling": [
              {
                "max_node_count": 2,
                "min_node_count": 2
              }
            ],
            "cluster": "demo-cluster",
            "id": "projects/terraform-test-319307/locations/europe-west1/clusters/demo-cluster/nodePools/node-pool1",
            "initial_node_count": 2,
            "instance_group_urls": [
              "https://www.googleapis.com/compute/v1/projects/terraform-test-319307/zones/europe-west1-b/instanceGroupManagers/gke-demo-cluster-node-pool1-da6d6796-grp",
              "https://www.googleapis.com/compute/v1/projects/terraform-test-319307/zones/europe-west1-c/instanceGroupManagers/gke-demo-cluster-node-pool1-709e57ad-grp"
            ],
            "location": "europe-west1",
            "management": [
              {
                "auto_repair": true,
                "auto_upgrade": true
              }
            ],
            "max_pods_per_node": null,
            "name": "node-pool1",
            "name_prefix": "",
            "node_config": [
              {
                "disk_size_gb": 100,
                "disk_type": "pd-standard",
                "guest_accelerator": [],
                "image_type": "COS_CONTAINERD",
                "labels": {},
                "local_ssd_count": 0,
                "machine_type": "n1-standard-4",
                "metadata": {
                  "disable-legacy-endpoints": "true"
                },
                "min_cpu_platform": "",
                "oauth_scopes": [
                  "https://www.googleapis.com/auth/logging.write",
                  "https://www.googleapis.com/auth/monitoring"
                ],
                "preemptible": true,
                "service_account": "default",
                "shielded_instance_config": [
                  {
                    "enable_integrity_monitoring": true,
                    "enable_secure_boot": false
                  }
                ],
                "tags": null,
                "taint": [],
                "workload_metadata_config": []
              }
            ],
            "node_count": 2,
            "node_locations": [
              "europe-west1-b",
              "europe-west1-c"
            ],
            "operation": null,
            "project": "terraform-test-319307",
            "timeouts": null,
            "upgrade_settings": [
              {
                "max_surge": 1,
                "max_unavailable": 0
              }
            ],
            "version": "1.19.9-gke.1900"
          },
          "sensitive_attributes": [],
          "private": "eyJlMmJmYjczMC1lY2FhLTExZTYtOGY4OC0zNDM2M2JjN2M0YzAiOnsiY3JlYXRlIjoxODAwMDAwMDAwMDAwLCJkZWxldGUiOjE4MDAwMDAwMDAwMDAsInVwZGF0ZSI6MTgwMDAwMDAwMDAwMH0sInNjaGVtYV92ZXJzaW9uIjoiMSJ9",
          "dependencies": [
            "google_container_cluster.default"
          ]
        }
      ]
    }
  ]
}
